# This is a Gradle generated file for dependency locking.
# Manual edits can break the build and are not advised.
# This file is expected to be part of source control.
com.github.oowekyala.ooxml:nice-xml-messages:3.1=pmd
com.google.code.findbugs:jsr305:3.0.2=checkstyle
com.google.code.gson:gson:2.13.1=pmd
com.google.errorprone:error_prone_annotations:2.38.0=pmd
com.google.errorprone:error_prone_annotations:2.41.0=checkstyle
com.google.guava:failureaccess:1.0.3=checkstyle
com.google.guava:guava:33.5.0-jre=checkstyle
com.google.guava:listenablefuture:9999.0-empty-to-avoid-conflict-with-guava=checkstyle
com.google.j2objc:j2objc-annotations:3.1=checkstyle
com.puppycrawl.tools:checkstyle:12.1.0=checkstyle
commons-beanutils:commons-beanutils:1.11.0=checkstyle
commons-codec:commons-codec:1.11=checkstyle
commons-codec:commons-codec:1.15=pmd
commons-collections:commons-collections:3.2.2=checkstyle
info.picocli:picocli:4.7.7=checkstyle
io.helidon.builder:helidon-builder-api:4.0.6=compileClasspath,runtimeClasspath,testCompileClasspath,testRuntimeClasspath
io.helidon.common.features:helidon-common-features-api:4.0.6=compileClasspath,runtimeClasspath,testCompileClasspath,testRuntimeClasspath
io.helidon.common.features:helidon-common-features:4.0.6=compileClasspath,runtimeClasspath,testCompileClasspath,testRuntimeClasspath
io.helidon.common:helidon-common-buffers:4.0.6=compileClasspath,runtimeClasspath,testCompileClasspath,testRuntimeClasspath
io.helidon.common:helidon-common-config:4.0.6=compileClasspath,runtimeClasspath,testCompileClasspath,testRuntimeClasspath
io.helidon.common:helidon-common-configurable:4.0.6=compileClasspath,runtimeClasspath,testCompileClasspath,testRuntimeClasspath
io.helidon.common:helidon-common-context:4.0.6=compileClasspath,runtimeClasspath,testCompileClasspath,testRuntimeClasspath
io.helidon.common:helidon-common-key-util:4.0.6=compileClasspath,runtimeClasspath,testCompileClasspath,testRuntimeClasspath
io.helidon.common:helidon-common-mapper:4.0.6=compileClasspath,runtimeClasspath,testCompileClasspath,testRuntimeClasspath
io.helidon.common:helidon-common-media-type:4.0.6=compileClasspath,runtimeClasspath,testCompileClasspath,testRuntimeClasspath
io.helidon.common:helidon-common-parameters:4.0.6=compileClasspath,runtimeClasspath,testCompileClasspath,testRuntimeClasspath
io.helidon.common:helidon-common-security:4.0.6=compileClasspath,runtimeClasspath,testCompileClasspath,testRuntimeClasspath
io.helidon.common:helidon-common-socket:4.0.6=compileClasspath,runtimeClasspath,testCompileClasspath,testRuntimeClasspath
io.helidon.common:helidon-common-task:4.0.6=compileClasspath,runtimeClasspath,testCompileClasspath,testRuntimeClasspath
io.helidon.common:helidon-common-tls:4.0.6=compileClasspath,runtimeClasspath,testCompileClasspath,testRuntimeClasspath
io.helidon.common:helidon-common-types:4.0.6=compileClasspath,runtimeClasspath,testCompileClasspath,testRuntimeClasspath
io.helidon.common:helidon-common-uri:4.0.6=compileClasspath,runtimeClasspath,testCompileClasspath,testRuntimeClasspath
io.helidon.common:helidon-common:4.0.6=compileClasspath,runtimeClasspath,testCompileClasspath,testRuntimeClasspath
io.helidon.config:helidon-config-yaml:4.0.6=compileClasspath,runtimeClasspath,testCompileClasspath,testRuntimeClasspath
io.helidon.config:helidon-config:4.0.6=compileClasspath,runtimeClasspath,testCompileClasspath,testRuntimeClasspath
io.helidon.http.encoding:helidon-http-encoding:4.0.6=compileClasspath,runtimeClasspath,testCompileClasspath,testRuntimeClasspath
io.helidon.http.media:helidon-http-media:4.0.6=compileClasspath,runtimeClasspath,testCompileClasspath,testRuntimeClasspath
io.helidon.http:helidon-http:4.0.6=compileClasspath,runtimeClasspath,testCompileClasspath,testRuntimeClasspath
io.helidon.inject:helidon-inject-api:4.0.6=compileClasspath,runtimeClasspath,testCompileClasspath,testRuntimeClasspath
io.helidon.logging:helidon-logging-common:4.0.6=compileClasspath,runtimeClasspath,testCompileClasspath,testRuntimeClasspath
io.helidon.webclient:helidon-webclient-api:4.0.6=compileClasspath,runtimeClasspath,testCompileClasspath,testRuntimeClasspath
io.helidon.webclient:helidon-webclient-http1:4.0.6=compileClasspath,runtimeClasspath,testCompileClasspath,testRuntimeClasspath
io.helidon.webclient:helidon-webclient:4.0.6=compileClasspath,runtimeClasspath,testCompileClasspath,testRuntimeClasspath
io.helidon.webserver:helidon-webserver:4.0.6=compileClasspath,runtimeClasspath,testCompileClasspath,testRuntimeClasspath
jakarta.inject:jakarta.inject-api:2.0.1=compileClasspath,runtimeClasspath,testCompileClasspath,testRuntimeClasspath
net.sf.saxon:Saxon-HE:12.5=pmd
net.sf.saxon:Saxon-HE:12.9=checkstyle
net.sourceforge.pmd:pmd-ant:7.17.0=pmd
net.sourceforge.pmd:pmd-core:7.17.0=pmd
net.sourceforge.pmd:pmd-java:7.17.0=pmd
org.antlr:antlr4-runtime:4.13.2=checkstyle
org.antlr:antlr4-runtime:4.9.3=pmd
org.apache.commons:commons-lang3:3.18.0=pmd
org.apache.commons:commons-lang3:3.8.1=checkstyle
org.apache.commons:commons-text:1.3=checkstyle
org.apache.httpcomponents.client5:httpclient5:5.1.3=pmd
org.apache.httpcomponents.core5:httpcore5-h2:5.1.3=pmd
org.apache.httpcomponents.core5:httpcore5:5.1.3=pmd
org.apache.httpcomponents:httpclient:4.5.13=checkstyle
org.apache.httpcomponents:httpcore:4.4.14=checkstyle
org.apache.maven.doxia:doxia-core:1.12.0=checkstyle
org.apache.maven.doxia:doxia-logging-api:1.12.0=checkstyle
org.apache.maven.doxia:doxia-module-xdoc:1.12.0=checkstyle
org.apache.maven.doxia:doxia-sink-api:1.12.0=checkstyle
org.apache.xbean:xbean-reflect:3.7=checkstyle
org.checkerframework:checker-qual:3.49.5=pmd
org.checkerframework:checker-qual:3.51.1=checkstyle
org.codehaus.plexus:plexus-classworlds:2.6.0=checkstyle
org.codehaus.plexus:plexus-component-annotations:2.1.0=checkstyle
org.codehaus.plexus:plexus-container-default:2.1.0=checkstyle
org.codehaus.plexus:plexus-utils:3.3.0=checkstyle
org.javassist:javassist:3.28.0-GA=checkstyle
org.jspecify:jspecify:1.0.0=checkstyle
org.ow2.asm:asm:9.8=pmd
org.pcollections:pcollections:4.0.2=pmd
org.reflections:reflections:0.10.2=checkstyle
org.slf4j:jul-to-slf4j:1.7.36=pmd
org.xmlresolver:xmlresolver:5.2.2=pmd
org.xmlresolver:xmlresolver:5.3.3=checkstyle
org.yaml:snakeyaml:2.0=compileClasspath,runtimeClasspath,testCompileClasspath,testRuntimeClasspath
empty=annotationProcessor,testAnnotationProcessor
