# This is a Gradle generated file for dependency locking.
# Manual edits can break the build and are not advised.
# This file is expected to be part of source control.
ch.qos.logback:logback-classic:1.4.14=developmentRuntimeClasspath,nativeImageClasspath,nativeImageTestClasspath,runtimeClasspath,testRuntimeClasspath
ch.qos.logback:logback-core:1.4.14=developmentRuntimeClasspath,nativeImageClasspath,nativeImageTestClasspath,runtimeClasspath,testRuntimeClasspath
com.amazonaws:aws-java-sdk-bom:1.12.666=annotationProcessor,compileClasspath,developmentOnly,developmentRuntimeClasspath,nativeImageClasspath,nativeImageTestClasspath,runtimeClasspath,testAnnotationProcessor,testCompileClasspath,testRuntimeClasspath
com.azure:azure-sdk-bom:1.2.19=annotationProcessor,compileClasspath,developmentOnly,developmentRuntimeClasspath,nativeImageClasspath,nativeImageTestClasspath,runtimeClasspath,testAnnotationProcessor,testCompileClasspath,testRuntimeClasspath
com.fasterxml.jackson.core:jackson-annotations:2.16.2=compileClasspath,developmentRuntimeClasspath,nativeImageClasspath,nativeImageTestClasspath,runtimeClasspath,testCompileClasspath,testRuntimeClasspath
com.fasterxml.jackson.core:jackson-core:2.16.2=compileClasspath,developmentRuntimeClasspath,nativeImageClasspath,nativeImageTestClasspath,runtimeClasspath,testCompileClasspath,testRuntimeClasspath
com.fasterxml.jackson.core:jackson-databind:2.16.2=compileClasspath,developmentRuntimeClasspath,nativeImageClasspath,nativeImageTestClasspath,runtimeClasspath,testCompileClasspath,testRuntimeClasspath
com.fasterxml.jackson.datatype:jackson-datatype-jdk8:2.16.2=compileClasspath,developmentRuntimeClasspath,nativeImageClasspath,nativeImageTestClasspath,runtimeClasspath,testCompileClasspath,testRuntimeClasspath
com.fasterxml.jackson.datatype:jackson-datatype-jsr310:2.16.2=compileClasspath,developmentRuntimeClasspath,nativeImageClasspath,nativeImageTestClasspath,runtimeClasspath,testCompileClasspath,testRuntimeClasspath
com.fasterxml.jackson:jackson-bom:2.16.1=annotationProcessor,developmentOnly,testAnnotationProcessor
com.fasterxml.jackson:jackson-bom:2.16.2=compileClasspath,developmentRuntimeClasspath,nativeImageClasspath,nativeImageTestClasspath,runtimeClasspath,testCompileClasspath,testRuntimeClasspath
com.github.javaparser:javaparser-core:3.25.9=annotationProcessor,testAnnotationProcessor
com.github.javaparser:javaparser-symbol-solver-core:3.25.9=annotationProcessor,testAnnotationProcessor
com.github.oowekyala.ooxml:nice-xml-messages:3.1=pmd
com.google.code.findbugs:jsr305:3.0.2=checkstyle
com.google.code.gson:gson:2.13.1=pmd
com.google.errorprone:error_prone_annotations:2.38.0=pmd
com.google.errorprone:error_prone_annotations:2.41.0=checkstyle
com.google.guava:failureaccess:1.0.3=checkstyle
com.google.guava:guava:33.5.0-jre=checkstyle
com.google.guava:listenablefuture:9999.0-empty-to-avoid-conflict-with-guava=checkstyle
com.google.j2objc:j2objc-annotations:3.1=checkstyle
com.google.protobuf:protobuf-bom:3.25.2=annotationProcessor,compileClasspath,developmentOnly,developmentRuntimeClasspath,nativeImageClasspath,nativeImageTestClasspath,runtimeClasspath,testAnnotationProcessor,testCompileClasspath,testRuntimeClasspath
com.oracle.coherence.ce:coherence-bom:23.03=annotationProcessor,compileClasspath,developmentOnly,developmentRuntimeClasspath,nativeImageClasspath,nativeImageTestClasspath,runtimeClasspath,testAnnotationProcessor,testCompileClasspath,testRuntimeClasspath
com.puppycrawl.tools:checkstyle:12.1.0=checkstyle
commons-beanutils:commons-beanutils:1.11.0=checkstyle
commons-codec:commons-codec:1.11=checkstyle
commons-codec:commons-codec:1.15=pmd
commons-collections:commons-collections:3.2.2=checkstyle
info.picocli:picocli:4.7.7=checkstyle
io.grpc:grpc-bom:1.61.0=annotationProcessor,compileClasspath,developmentOnly,developmentRuntimeClasspath,nativeImageClasspath,nativeImageTestClasspath,runtimeClasspath,testAnnotationProcessor,testCompileClasspath,testRuntimeClasspath
io.kotest:kotest-bom:5.8.0=annotationProcessor,compileClasspath,developmentOnly,developmentRuntimeClasspath,nativeImageClasspath,nativeImageTestClasspath,runtimeClasspath,testAnnotationProcessor,testCompileClasspath,testRuntimeClasspath
io.ktor:ktor-bom:2.3.7=annotationProcessor,compileClasspath,developmentOnly,developmentRuntimeClasspath,nativeImageClasspath,nativeImageTestClasspath,runtimeClasspath,testAnnotationProcessor,testCompileClasspath,testRuntimeClasspath
io.methvin:directory-watcher:0.18.0=developmentOnly,developmentRuntimeClasspath
io.micrometer:micrometer-bom:1.12.2=annotationProcessor,compileClasspath,developmentOnly,developmentRuntimeClasspath,nativeImageClasspath,nativeImageTestClasspath,runtimeClasspath,testAnnotationProcessor,testCompileClasspath,testRuntimeClasspath
io.micronaut.acme:micronaut-acme-bom:5.0.0=annotationProcessor,compileClasspath,developmentOnly,developmentRuntimeClasspath,nativeImageClasspath,nativeImageTestClasspath,runtimeClasspath,testAnnotationProcessor,testCompileClasspath,testRuntimeClasspath
io.micronaut.aot:micronaut-aot-bom:2.2.0=annotationProcessor,compileClasspath,developmentOnly,developmentRuntimeClasspath,nativeImageClasspath,nativeImageTestClasspath,runtimeClasspath,testAnnotationProcessor,testCompileClasspath,testRuntimeClasspath
io.micronaut.aws:micronaut-aws-bom:4.4.3=annotationProcessor,compileClasspath,developmentOnly,developmentRuntimeClasspath,nativeImageClasspath,nativeImageTestClasspath,runtimeClasspath,testAnnotationProcessor,testCompileClasspath,testRuntimeClasspath
io.micronaut.azure:micronaut-azure-bom:5.3.1=annotationProcessor,compileClasspath,developmentOnly,developmentRuntimeClasspath,nativeImageClasspath,nativeImageTestClasspath,runtimeClasspath,testAnnotationProcessor,testCompileClasspath,testRuntimeClasspath
io.micronaut.beanvalidation:micronaut-hibernate-validator-bom:4.2.1=annotationProcessor,compileClasspath,developmentOnly,developmentRuntimeClasspath,nativeImageClasspath,nativeImageTestClasspath,runtimeClasspath,testAnnotationProcessor,testCompileClasspath,testRuntimeClasspath
io.micronaut.cache:micronaut-cache-bom:4.2.2=annotationProcessor,compileClasspath,developmentOnly,developmentRuntimeClasspath,nativeImageClasspath,nativeImageTestClasspath,runtimeClasspath,testAnnotationProcessor,testCompileClasspath,testRuntimeClasspath
io.micronaut.cassandra:micronaut-cassandra-bom:6.3.0=annotationProcessor,compileClasspath,developmentOnly,developmentRuntimeClasspath,nativeImageClasspath,nativeImageTestClasspath,runtimeClasspath,testAnnotationProcessor,testCompileClasspath,testRuntimeClasspath
io.micronaut.chatbots:micronaut-chatbots-bom:1.0.0=annotationProcessor,compileClasspath,developmentOnly,developmentRuntimeClasspath,nativeImageClasspath,nativeImageTestClasspath,runtimeClasspath,testAnnotationProcessor,testCompileClasspath,testRuntimeClasspath
io.micronaut.coherence:micronaut-coherence-bom:4.0.0=annotationProcessor,compileClasspath,developmentOnly,developmentRuntimeClasspath,nativeImageClasspath,nativeImageTestClasspath,runtimeClasspath,testAnnotationProcessor,testCompileClasspath,testRuntimeClasspath
io.micronaut.controlpanel:micronaut-control-panel-bom:1.2.0=annotationProcessor,compileClasspath,developmentOnly,developmentRuntimeClasspath,nativeImageClasspath,nativeImageTestClasspath,runtimeClasspath,testAnnotationProcessor,testCompileClasspath,testRuntimeClasspath
io.micronaut.crac:micronaut-crac-bom:2.2.0=annotationProcessor,compileClasspath,developmentOnly,developmentRuntimeClasspath,nativeImageClasspath,nativeImageTestClasspath,runtimeClasspath,testAnnotationProcessor,testCompileClasspath,testRuntimeClasspath
io.micronaut.data:micronaut-data-bom:4.6.2=annotationProcessor,compileClasspath,developmentOnly,developmentRuntimeClasspath,nativeImageClasspath,nativeImageTestClasspath,runtimeClasspath,testAnnotationProcessor,testCompileClasspath,testRuntimeClasspath
io.micronaut.discovery:micronaut-discovery-client-bom:4.2.0=annotationProcessor,compileClasspath,developmentOnly,developmentRuntimeClasspath,nativeImageClasspath,nativeImageTestClasspath,runtimeClasspath,testAnnotationProcessor,testCompileClasspath,testRuntimeClasspath
io.micronaut.eclipsestore:micronaut-eclipsestore-bom:1.2.0=annotationProcessor,compileClasspath,developmentOnly,developmentRuntimeClasspath,nativeImageClasspath,nativeImageTestClasspath,runtimeClasspath,testAnnotationProcessor,testCompileClasspath,testRuntimeClasspath
io.micronaut.elasticsearch:micronaut-elasticsearch-bom:5.3.0=annotationProcessor,compileClasspath,developmentOnly,developmentRuntimeClasspath,nativeImageClasspath,nativeImageTestClasspath,runtimeClasspath,testAnnotationProcessor,testCompileClasspath,testRuntimeClasspath
io.micronaut.email:micronaut-email-bom:2.4.0=annotationProcessor,compileClasspath,developmentOnly,developmentRuntimeClasspath,nativeImageClasspath,nativeImageTestClasspath,runtimeClasspath,testAnnotationProcessor,testCompileClasspath,testRuntimeClasspath
io.micronaut.flyway:micronaut-flyway-bom:7.1.0=annotationProcessor,compileClasspath,developmentOnly,developmentRuntimeClasspath,nativeImageClasspath,nativeImageTestClasspath,runtimeClasspath,testAnnotationProcessor,testCompileClasspath,testRuntimeClasspath
io.micronaut.gcp:micronaut-gcp-bom:5.4.1=annotationProcessor,compileClasspath,developmentOnly,developmentRuntimeClasspath,nativeImageClasspath,nativeImageTestClasspath,runtimeClasspath,testAnnotationProcessor,testCompileClasspath,testRuntimeClasspath
io.micronaut.graphql:micronaut-graphql-bom:4.2.2=annotationProcessor,compileClasspath,developmentOnly,developmentRuntimeClasspath,nativeImageClasspath,nativeImageTestClasspath,runtimeClasspath,testAnnotationProcessor,testCompileClasspath,testRuntimeClasspath
io.micronaut.groovy:micronaut-groovy-bom:4.2.0=annotationProcessor,compileClasspath,developmentOnly,developmentRuntimeClasspath,nativeImageClasspath,nativeImageTestClasspath,runtimeClasspath,testAnnotationProcessor,testCompileClasspath,testRuntimeClasspath
io.micronaut.grpc:micronaut-grpc-bom:4.3.0=annotationProcessor,compileClasspath,developmentOnly,developmentRuntimeClasspath,nativeImageClasspath,nativeImageTestClasspath,runtimeClasspath,testAnnotationProcessor,testCompileClasspath,testRuntimeClasspath
io.micronaut.jaxrs:micronaut-jaxrs-bom:4.3.0=annotationProcessor,compileClasspath,developmentOnly,developmentRuntimeClasspath,nativeImageClasspath,nativeImageTestClasspath,runtimeClasspath,testAnnotationProcessor,testCompileClasspath,testRuntimeClasspath
io.micronaut.jms:micronaut-jms-bom:3.2.0=annotationProcessor,compileClasspath,developmentOnly,developmentRuntimeClasspath,nativeImageClasspath,nativeImageTestClasspath,runtimeClasspath,testAnnotationProcessor,testCompileClasspath,testRuntimeClasspath
io.micronaut.jmx:micronaut-jmx-bom:4.2.0=annotationProcessor,compileClasspath,developmentOnly,developmentRuntimeClasspath,nativeImageClasspath,nativeImageTestClasspath,runtimeClasspath,testAnnotationProcessor,testCompileClasspath,testRuntimeClasspath
io.micronaut.kafka:micronaut-kafka-bom:5.3.0=annotationProcessor,compileClasspath,developmentOnly,developmentRuntimeClasspath,nativeImageClasspath,nativeImageTestClasspath,runtimeClasspath,testAnnotationProcessor,testCompileClasspath,testRuntimeClasspath
io.micronaut.kotlin:micronaut-kotlin-bom:4.2.0=annotationProcessor,compileClasspath,developmentOnly,developmentRuntimeClasspath,nativeImageClasspath,nativeImageTestClasspath,runtimeClasspath,testAnnotationProcessor,testCompileClasspath,testRuntimeClasspath
io.micronaut.kubernetes:micronaut-kubernetes-bom:6.0.0=annotationProcessor,compileClasspath,developmentOnly,developmentRuntimeClasspath,nativeImageClasspath,nativeImageTestClasspath,runtimeClasspath,testAnnotationProcessor,testCompileClasspath,testRuntimeClasspath
io.micronaut.liquibase:micronaut-liquibase-bom:6.2.0=annotationProcessor,compileClasspath,developmentOnly,developmentRuntimeClasspath,nativeImageClasspath,nativeImageTestClasspath,runtimeClasspath,testAnnotationProcessor,testCompileClasspath,testRuntimeClasspath
io.micronaut.logging:micronaut-logging-bom:1.2.3=annotationProcessor,compileClasspath,developmentOnly,developmentRuntimeClasspath,nativeImageClasspath,nativeImageTestClasspath,runtimeClasspath,testAnnotationProcessor,testCompileClasspath,testRuntimeClasspath
io.micronaut.micrometer:micronaut-micrometer-bom:5.4.0=annotationProcessor,compileClasspath,developmentOnly,developmentRuntimeClasspath,nativeImageClasspath,nativeImageTestClasspath,runtimeClasspath,testAnnotationProcessor,testCompileClasspath,testRuntimeClasspath
io.micronaut.microstream:micronaut-microstream-bom:2.3.0=annotationProcessor,compileClasspath,developmentOnly,developmentRuntimeClasspath,nativeImageClasspath,nativeImageTestClasspath,runtimeClasspath,testAnnotationProcessor,testCompileClasspath,testRuntimeClasspath
io.micronaut.mongodb:micronaut-mongo-bom:5.2.0=annotationProcessor,compileClasspath,developmentOnly,developmentRuntimeClasspath,nativeImageClasspath,nativeImageTestClasspath,runtimeClasspath,testAnnotationProcessor,testCompileClasspath,testRuntimeClasspath
io.micronaut.mqtt:micronaut-mqtt-bom:3.2.0=annotationProcessor,compileClasspath,developmentOnly,developmentRuntimeClasspath,nativeImageClasspath,nativeImageTestClasspath,runtimeClasspath,testAnnotationProcessor,testCompileClasspath,testRuntimeClasspath
io.micronaut.multitenancy:micronaut-multitenancy-bom:5.2.1=annotationProcessor,compileClasspath,developmentOnly,developmentRuntimeClasspath,nativeImageClasspath,nativeImageTestClasspath,runtimeClasspath,testAnnotationProcessor,testCompileClasspath,testRuntimeClasspath
io.micronaut.nats:micronaut-nats-bom:4.2.0=annotationProcessor,compileClasspath,developmentOnly,developmentRuntimeClasspath,nativeImageClasspath,nativeImageTestClasspath,runtimeClasspath,testAnnotationProcessor,testCompileClasspath,testRuntimeClasspath
io.micronaut.neo4j:micronaut-neo4j-bom:6.3.0=annotationProcessor,compileClasspath,developmentOnly,developmentRuntimeClasspath,nativeImageClasspath,nativeImageTestClasspath,runtimeClasspath,testAnnotationProcessor,testCompileClasspath,testRuntimeClasspath
io.micronaut.objectstorage:micronaut-object-storage-bom:2.3.0=annotationProcessor,compileClasspath,developmentOnly,developmentRuntimeClasspath,nativeImageClasspath,nativeImageTestClasspath,runtimeClasspath,testAnnotationProcessor,testCompileClasspath,testRuntimeClasspath
io.micronaut.openapi:micronaut-openapi-bom:6.5.1=annotationProcessor,compileClasspath,developmentOnly,developmentRuntimeClasspath,nativeImageClasspath,nativeImageTestClasspath,runtimeClasspath,testAnnotationProcessor,testCompileClasspath,testRuntimeClasspath
io.micronaut.oraclecloud:micronaut-oraclecloud-bom:3.5.1=annotationProcessor,compileClasspath,developmentOnly,developmentRuntimeClasspath,nativeImageClasspath,nativeImageTestClasspath,runtimeClasspath,testAnnotationProcessor,testCompileClasspath,testRuntimeClasspath
io.micronaut.picocli:micronaut-picocli-bom:5.2.0=annotationProcessor,compileClasspath,developmentOnly,developmentRuntimeClasspath,nativeImageClasspath,nativeImageTestClasspath,runtimeClasspath,testAnnotationProcessor,testCompileClasspath,testRuntimeClasspath
io.micronaut.platform:micronaut-platform:4.3.6=annotationProcessor,compileClasspath,developmentOnly,developmentRuntimeClasspath,nativeImageClasspath,nativeImageTestClasspath,runtimeClasspath,testAnnotationProcessor,testCompileClasspath,testRuntimeClasspath
io.micronaut.problem:micronaut-problem-json-bom:3.2.0=annotationProcessor,compileClasspath,developmentOnly,developmentRuntimeClasspath,nativeImageClasspath,nativeImageTestClasspath,runtimeClasspath,testAnnotationProcessor,testCompileClasspath,testRuntimeClasspath
io.micronaut.pulsar:micronaut-pulsar-bom:2.2.0=annotationProcessor,compileClasspath,developmentOnly,developmentRuntimeClasspath,nativeImageClasspath,nativeImageTestClasspath,runtimeClasspath,testAnnotationProcessor,testCompileClasspath,testRuntimeClasspath
io.micronaut.r2dbc:micronaut-r2dbc-bom:5.3.0=annotationProcessor,compileClasspath,developmentOnly,developmentRuntimeClasspath,nativeImageClasspath,nativeImageTestClasspath,runtimeClasspath,testAnnotationProcessor,testCompileClasspath,testRuntimeClasspath
io.micronaut.rabbitmq:micronaut-rabbitmq-bom:4.3.0=annotationProcessor,compileClasspath,developmentOnly,developmentRuntimeClasspath,nativeImageClasspath,nativeImageTestClasspath,runtimeClasspath,testAnnotationProcessor,testCompileClasspath,testRuntimeClasspath
io.micronaut.reactor:micronaut-reactor-bom:3.2.1=annotationProcessor,compileClasspath,developmentOnly,developmentRuntimeClasspath,nativeImageClasspath,nativeImageTestClasspath,runtimeClasspath,testAnnotationProcessor,testCompileClasspath,testRuntimeClasspath
io.micronaut.redis:micronaut-redis-bom:6.2.0=annotationProcessor,compileClasspath,developmentOnly,developmentRuntimeClasspath,nativeImageClasspath,nativeImageTestClasspath,runtimeClasspath,testAnnotationProcessor,testCompileClasspath,testRuntimeClasspath
io.micronaut.rss:micronaut-rss-bom:4.2.0=annotationProcessor,compileClasspath,developmentOnly,developmentRuntimeClasspath,nativeImageClasspath,nativeImageTestClasspath,runtimeClasspath,testAnnotationProcessor,testCompileClasspath,testRuntimeClasspath
io.micronaut.rxjava2:micronaut-rxjava2-bom:2.2.1=annotationProcessor,compileClasspath,developmentOnly,developmentRuntimeClasspath,nativeImageClasspath,nativeImageTestClasspath,runtimeClasspath,testAnnotationProcessor,testCompileClasspath,testRuntimeClasspath
io.micronaut.rxjava3:micronaut-rxjava3-bom:3.2.1=annotationProcessor,compileClasspath,developmentOnly,developmentRuntimeClasspath,nativeImageClasspath,nativeImageTestClasspath,runtimeClasspath,testAnnotationProcessor,testCompileClasspath,testRuntimeClasspath
io.micronaut.security:micronaut-security-bom:4.6.7=annotationProcessor,compileClasspath,developmentOnly,developmentRuntimeClasspath,nativeImageClasspath,nativeImageTestClasspath,runtimeClasspath,testAnnotationProcessor,testCompileClasspath,testRuntimeClasspath
io.micronaut.serde:micronaut-serde-bom:2.8.2=annotationProcessor,compileClasspath,developmentOnly,developmentRuntimeClasspath,nativeImageClasspath,nativeImageTestClasspath,runtimeClasspath,testAnnotationProcessor,testCompileClasspath,testRuntimeClasspath
io.micronaut.servlet:micronaut-servlet-bom:4.5.0=annotationProcessor,compileClasspath,developmentOnly,developmentRuntimeClasspath,nativeImageClasspath,nativeImageTestClasspath,runtimeClasspath,testAnnotationProcessor,testCompileClasspath,testRuntimeClasspath
io.micronaut.session:micronaut-session-bom:4.2.0=annotationProcessor,compileClasspath,developmentOnly,developmentRuntimeClasspath,nativeImageClasspath,nativeImageTestClasspath,runtimeClasspath,testAnnotationProcessor,testCompileClasspath,testRuntimeClasspath
io.micronaut.spring:micronaut-spring-bom:5.4.1=annotationProcessor,compileClasspath,developmentOnly,developmentRuntimeClasspath,nativeImageClasspath,nativeImageTestClasspath,runtimeClasspath,testAnnotationProcessor,testCompileClasspath,testRuntimeClasspath
io.micronaut.sql:micronaut-sql-bom:5.5.1=annotationProcessor,compileClasspath,developmentOnly,developmentRuntimeClasspath,nativeImageClasspath,nativeImageTestClasspath,runtimeClasspath,testAnnotationProcessor,testCompileClasspath,testRuntimeClasspath
io.micronaut.test:micronaut-test-bom:4.2.1=annotationProcessor,compileClasspath,developmentOnly,developmentRuntimeClasspath,nativeImageClasspath,nativeImageTestClasspath,runtimeClasspath,testAnnotationProcessor,testCompileClasspath,testRuntimeClasspath
io.micronaut.test:micronaut-test-core:4.2.1=nativeImageTestClasspath,testCompileClasspath,testRuntimeClasspath
io.micronaut.test:micronaut-test-junit5:4.2.1=nativeImageTestClasspath,testCompileClasspath,testRuntimeClasspath
io.micronaut.testresources:micronaut-test-resources-bom:2.3.3=annotationProcessor,compileClasspath,developmentOnly,developmentRuntimeClasspath,nativeImageClasspath,nativeImageTestClasspath,runtimeClasspath,testAnnotationProcessor,testCompileClasspath,testRuntimeClasspath
io.micronaut.toml:micronaut-toml-bom:2.2.0=annotationProcessor,compileClasspath,developmentOnly,developmentRuntimeClasspath,nativeImageClasspath,nativeImageTestClasspath,runtimeClasspath,testAnnotationProcessor,testCompileClasspath,testRuntimeClasspath
io.micronaut.tracing:micronaut-tracing-bom:6.4.1=annotationProcessor,compileClasspath,developmentOnly,developmentRuntimeClasspath,nativeImageClasspath,nativeImageTestClasspath,runtimeClasspath,testAnnotationProcessor,testCompileClasspath,testRuntimeClasspath
io.micronaut.validation:micronaut-validation-bom:4.4.4=annotationProcessor,compileClasspath,developmentOnly,developmentRuntimeClasspath,nativeImageClasspath,nativeImageTestClasspath,runtimeClasspath,testAnnotationProcessor,testCompileClasspath,testRuntimeClasspath
io.micronaut.views:micronaut-views-bom:5.1.0=annotationProcessor,compileClasspath,developmentOnly,developmentRuntimeClasspath,nativeImageClasspath,nativeImageTestClasspath,runtimeClasspath,testAnnotationProcessor,testCompileClasspath,testRuntimeClasspath
io.micronaut.xml:micronaut-jackson-xml-bom:4.2.0=annotationProcessor,compileClasspath,developmentOnly,developmentRuntimeClasspath,nativeImageClasspath,nativeImageTestClasspath,runtimeClasspath,testAnnotationProcessor,testCompileClasspath,testRuntimeClasspath
io.micronaut:micronaut-aop:4.3.11=annotationProcessor,compileClasspath,developmentOnly,developmentRuntimeClasspath,nativeImageClasspath,nativeImageTestClasspath,runtimeClasspath,testAnnotationProcessor,testCompileClasspath,testRuntimeClasspath
io.micronaut:micronaut-buffer-netty:4.3.11=compileClasspath,developmentRuntimeClasspath,nativeImageClasspath,nativeImageTestClasspath,runtimeClasspath,testCompileClasspath,testRuntimeClasspath
io.micronaut:micronaut-context-propagation:4.3.11=compileClasspath,developmentRuntimeClasspath,nativeImageClasspath,nativeImageTestClasspath,runtimeClasspath,testCompileClasspath,testRuntimeClasspath
io.micronaut:micronaut-context:4.3.11=compileClasspath,developmentOnly,developmentRuntimeClasspath,nativeImageClasspath,nativeImageTestClasspath,runtimeClasspath,testCompileClasspath,testRuntimeClasspath
io.micronaut:micronaut-core-bom:4.3.11=annotationProcessor,compileClasspath,developmentOnly,developmentRuntimeClasspath,nativeImageClasspath,nativeImageTestClasspath,runtimeClasspath,testAnnotationProcessor,testCompileClasspath,testRuntimeClasspath
io.micronaut:micronaut-core-processor:4.3.11=annotationProcessor,testAnnotationProcessor
io.micronaut:micronaut-core-reactive:4.3.11=annotationProcessor,compileClasspath,developmentRuntimeClasspath,nativeImageClasspath,nativeImageTestClasspath,runtimeClasspath,testAnnotationProcessor,testCompileClasspath,testRuntimeClasspath
io.micronaut:micronaut-core:4.3.11=annotationProcessor,compileClasspath,developmentOnly,developmentRuntimeClasspath,nativeImageClasspath,nativeImageTestClasspath,runtimeClasspath,testAnnotationProcessor,testCompileClasspath,testRuntimeClasspath
io.micronaut:micronaut-discovery-core:4.3.11=compileClasspath,developmentRuntimeClasspath,nativeImageClasspath,nativeImageTestClasspath,runtimeClasspath,testCompileClasspath,testRuntimeClasspath
io.micronaut:micronaut-graal:4.3.11=annotationProcessor,testAnnotationProcessor
io.micronaut:micronaut-http-client-core:4.3.11=compileClasspath,developmentRuntimeClasspath,nativeImageClasspath,nativeImageTestClasspath,runtimeClasspath,testCompileClasspath,testRuntimeClasspath
io.micronaut:micronaut-http-client:4.3.11=compileClasspath,developmentRuntimeClasspath,nativeImageClasspath,nativeImageTestClasspath,runtimeClasspath,testCompileClasspath,testRuntimeClasspath
io.micronaut:micronaut-http-netty:4.3.11=compileClasspath,developmentRuntimeClasspath,nativeImageClasspath,nativeImageTestClasspath,runtimeClasspath,testCompileClasspath,testRuntimeClasspath
io.micronaut:micronaut-http-server-netty:4.3.11=compileClasspath,developmentRuntimeClasspath,nativeImageClasspath,nativeImageTestClasspath,runtimeClasspath,testCompileClasspath,testRuntimeClasspath
io.micronaut:micronaut-http-server:4.3.11=compileClasspath,developmentRuntimeClasspath,nativeImageClasspath,nativeImageTestClasspath,runtimeClasspath,testCompileClasspath,testRuntimeClasspath
io.micronaut:micronaut-http:4.3.11=compileClasspath,developmentRuntimeClasspath,nativeImageClasspath,nativeImageTestClasspath,runtimeClasspath,testCompileClasspath,testRuntimeClasspath
io.micronaut:micronaut-inject-java:4.3.11=annotationProcessor,testAnnotationProcessor
io.micronaut:micronaut-inject:4.3.11=annotationProcessor,compileClasspath,developmentOnly,developmentRuntimeClasspath,nativeImageClasspath,nativeImageTestClasspath,runtimeClasspath,testAnnotationProcessor,testCompileClasspath,testRuntimeClasspath
io.micronaut:micronaut-jackson-core:4.3.11=compileClasspath,developmentRuntimeClasspath,nativeImageClasspath,nativeImageTestClasspath,runtimeClasspath,testCompileClasspath,testRuntimeClasspath
io.micronaut:micronaut-jackson-databind:4.3.11=compileClasspath,developmentRuntimeClasspath,nativeImageClasspath,nativeImageTestClasspath,runtimeClasspath,testCompileClasspath,testRuntimeClasspath
io.micronaut:micronaut-json-core:4.3.11=compileClasspath,developmentRuntimeClasspath,nativeImageClasspath,nativeImageTestClasspath,runtimeClasspath,testCompileClasspath,testRuntimeClasspath
io.micronaut:micronaut-retry:4.3.11=compileClasspath,developmentRuntimeClasspath,nativeImageClasspath,nativeImageTestClasspath,runtimeClasspath,testCompileClasspath,testRuntimeClasspath
io.micronaut:micronaut-router:4.3.11=compileClasspath,developmentRuntimeClasspath,nativeImageClasspath,nativeImageTestClasspath,runtimeClasspath,testCompileClasspath,testRuntimeClasspath
io.micronaut:micronaut-runtime-osx:4.3.11=developmentOnly,developmentRuntimeClasspath
io.micronaut:micronaut-runtime:4.3.11=compileClasspath,developmentRuntimeClasspath,nativeImageClasspath,nativeImageTestClasspath,runtimeClasspath,testCompileClasspath,testRuntimeClasspath
io.micronaut:micronaut-websocket:4.3.11=compileClasspath,developmentRuntimeClasspath,nativeImageClasspath,nativeImageTestClasspath,runtimeClasspath,testCompileClasspath,testRuntimeClasspath
io.netty:netty-bom:4.1.107.Final=annotationProcessor,compileClasspath,developmentOnly,developmentRuntimeClasspath,nativeImageClasspath,nativeImageTestClasspath,runtimeClasspath,testAnnotationProcessor,testCompileClasspath,testRuntimeClasspath
io.netty:netty-buffer:4.1.107.Final=compileClasspath,developmentRuntimeClasspath,nativeImageClasspath,nativeImageTestClasspath,runtimeClasspath,testCompileClasspath,testRuntimeClasspath
io.netty:netty-codec-http2:4.1.107.Final=compileClasspath,developmentRuntimeClasspath,nativeImageClasspath,nativeImageTestClasspath,runtimeClasspath,testCompileClasspath,testRuntimeClasspath
io.netty:netty-codec-http:4.1.107.Final=compileClasspath,developmentRuntimeClasspath,nativeImageClasspath,nativeImageTestClasspath,runtimeClasspath,testCompileClasspath,testRuntimeClasspath
io.netty:netty-codec-socks:4.1.107.Final=compileClasspath,developmentRuntimeClasspath,nativeImageClasspath,nativeImageTestClasspath,runtimeClasspath,testCompileClasspath,testRuntimeClasspath
io.netty:netty-codec:4.1.107.Final=compileClasspath,developmentRuntimeClasspath,nativeImageClasspath,nativeImageTestClasspath,runtimeClasspath,testCompileClasspath,testRuntimeClasspath
io.netty:netty-common:4.1.107.Final=compileClasspath,developmentRuntimeClasspath,nativeImageClasspath,nativeImageTestClasspath,runtimeClasspath,testCompileClasspath,testRuntimeClasspath
io.netty:netty-handler-proxy:4.1.107.Final=compileClasspath,developmentRuntimeClasspath,nativeImageClasspath,nativeImageTestClasspath,runtimeClasspath,testCompileClasspath,testRuntimeClasspath
io.netty:netty-handler:4.1.107.Final=compileClasspath,developmentRuntimeClasspath,nativeImageClasspath,nativeImageTestClasspath,runtimeClasspath,testCompileClasspath,testRuntimeClasspath
io.netty:netty-resolver:4.1.107.Final=compileClasspath,developmentRuntimeClasspath,nativeImageClasspath,nativeImageTestClasspath,runtimeClasspath,testCompileClasspath,testRuntimeClasspath
io.netty:netty-transport-native-unix-common:4.1.107.Final=compileClasspath,developmentRuntimeClasspath,nativeImageClasspath,nativeImageTestClasspath,runtimeClasspath,testCompileClasspath,testRuntimeClasspath
io.netty:netty-transport:4.1.107.Final=compileClasspath,developmentRuntimeClasspath,nativeImageClasspath,nativeImageTestClasspath,runtimeClasspath,testCompileClasspath,testRuntimeClasspath
io.opentelemetry.instrumentation:opentelemetry-instrumentation-bom-alpha:1.31.0-alpha=annotationProcessor,compileClasspath,developmentOnly,developmentRuntimeClasspath,nativeImageClasspath,nativeImageTestClasspath,runtimeClasspath,testAnnotationProcessor,testCompileClasspath,testRuntimeClasspath
io.opentelemetry.instrumentation:opentelemetry-instrumentation-bom:1.31.0=annotationProcessor,compileClasspath,developmentOnly,developmentRuntimeClasspath,nativeImageClasspath,nativeImageTestClasspath,runtimeClasspath,testAnnotationProcessor,testCompileClasspath,testRuntimeClasspath
io.opentelemetry:opentelemetry-bom-alpha:1.31.0-alpha=annotationProcessor,compileClasspath,developmentOnly,developmentRuntimeClasspath,nativeImageClasspath,nativeImageTestClasspath,runtimeClasspath,testAnnotationProcessor,testCompileClasspath,testRuntimeClasspath
io.opentelemetry:opentelemetry-bom:1.32.0=annotationProcessor,compileClasspath,developmentOnly,developmentRuntimeClasspath,nativeImageClasspath,nativeImageTestClasspath,runtimeClasspath,testAnnotationProcessor,testCompileClasspath,testRuntimeClasspath
io.projectreactor:reactor-bom:2023.0.1=annotationProcessor,compileClasspath,developmentOnly,developmentRuntimeClasspath,nativeImageClasspath,nativeImageTestClasspath,runtimeClasspath,testAnnotationProcessor,testCompileClasspath,testRuntimeClasspath
io.projectreactor:reactor-core:3.6.1=developmentRuntimeClasspath,nativeImageClasspath,nativeImageTestClasspath,runtimeClasspath,testRuntimeClasspath
io.rest-assured:rest-assured-bom:5.4.0=annotationProcessor,compileClasspath,developmentOnly,developmentRuntimeClasspath,nativeImageClasspath,nativeImageTestClasspath,runtimeClasspath,testAnnotationProcessor,testCompileClasspath,testRuntimeClasspath
io.zipkin.brave:brave-bom:5.18.1=annotationProcessor,compileClasspath,developmentOnly,developmentRuntimeClasspath,nativeImageClasspath,nativeImageTestClasspath,runtimeClasspath,testAnnotationProcessor,testCompileClasspath,testRuntimeClasspath
io.zipkin.reporter2:zipkin-reporter-bom:2.17.2=annotationProcessor,compileClasspath,developmentOnly,developmentRuntimeClasspath,nativeImageClasspath,nativeImageTestClasspath,runtimeClasspath,testAnnotationProcessor,testCompileClasspath,testRuntimeClasspath
jakarta.annotation:jakarta.annotation-api:2.1.1=annotationProcessor,compileClasspath,developmentOnly,developmentRuntimeClasspath,nativeImageClasspath,nativeImageTestClasspath,runtimeClasspath,testAnnotationProcessor,testCompileClasspath,testRuntimeClasspath
jakarta.inject:jakarta.inject-api:2.0.1=annotationProcessor,compileClasspath,developmentOnly,developmentRuntimeClasspath,nativeImageClasspath,nativeImageTestClasspath,runtimeClasspath,testAnnotationProcessor,testCompileClasspath,testRuntimeClasspath
net.java.dev.jna:jna:5.14.0=developmentOnly,developmentRuntimeClasspath
net.sf.saxon:Saxon-HE:12.5=pmd
net.sf.saxon:Saxon-HE:12.9=checkstyle
net.sourceforge.pmd:pmd-ant:7.17.0=pmd
net.sourceforge.pmd:pmd-core:7.17.0=pmd
net.sourceforge.pmd:pmd-java:7.17.0=pmd
org.antlr:antlr4-runtime:4.13.2=checkstyle
org.antlr:antlr4-runtime:4.9.3=pmd
org.apache.commons:commons-lang3:3.18.0=pmd
org.apache.commons:commons-lang3:3.8.1=checkstyle
org.apache.commons:commons-text:1.3=checkstyle
org.apache.groovy:groovy-bom:4.0.19=annotationProcessor,compileClasspath,developmentOnly,developmentRuntimeClasspath,nativeImageClasspath,nativeImageTestClasspath,runtimeClasspath,testAnnotationProcessor,testCompileClasspath,testRuntimeClasspath
org.apache.httpcomponents.client5:httpclient5:5.1.3=pmd
org.apache.httpcomponents.core5:httpcore5-h2:5.1.3=pmd
org.apache.httpcomponents.core5:httpcore5:5.1.3=pmd
org.apache.httpcomponents:httpclient:4.5.13=checkstyle
org.apache.httpcomponents:httpcore:4.4.14=checkstyle
org.apache.logging.log4j:log4j-bom:2.22.1=annotationProcessor,compileClasspath,developmentOnly,developmentRuntimeClasspath,nativeImageClasspath,nativeImageTestClasspath,runtimeClasspath,testAnnotationProcessor,testCompileClasspath,testRuntimeClasspath
org.apache.maven.doxia:doxia-core:1.12.0=checkstyle
org.apache.maven.doxia:doxia-logging-api:1.12.0=checkstyle
org.apache.maven.doxia:doxia-module-xdoc:1.12.0=checkstyle
org.apache.maven.doxia:doxia-sink-api:1.12.0=checkstyle
org.apache.xbean:xbean-reflect:3.7=checkstyle
org.apiguardian:apiguardian-api:1.1.2=testCompileClasspath
org.checkerframework:checker-qual:3.49.5=pmd
org.checkerframework:checker-qual:3.51.1=checkstyle
org.codehaus.plexus:plexus-classworlds:2.6.0=checkstyle
org.codehaus.plexus:plexus-component-annotations:2.1.0=checkstyle
org.codehaus.plexus:plexus-container-default:2.1.0=checkstyle
org.codehaus.plexus:plexus-utils:3.3.0=checkstyle
org.graalvm.buildtools:junit-platform-native:0.10.1=nativeImageTestClasspath,testCompileClasspath,testRuntimeClasspath
org.javassist:javassist:3.28.0-GA=checkstyle
org.jdbi:jdbi3-bom:3.44.1=annotationProcessor,compileClasspath,developmentOnly,developmentRuntimeClasspath,nativeImageClasspath,nativeImageTestClasspath,runtimeClasspath,testAnnotationProcessor,testCompileClasspath,testRuntimeClasspath
org.jetbrains.kotlin:kotlin-bom:1.9.23=annotationProcessor,compileClasspath,developmentOnly,developmentRuntimeClasspath,nativeImageClasspath,nativeImageTestClasspath,runtimeClasspath,testAnnotationProcessor,testCompileClasspath,testRuntimeClasspath
org.jetbrains.kotlinx:kotlinx-coroutines-bom:1.7.3=annotationProcessor,compileClasspath,developmentOnly,developmentRuntimeClasspath,nativeImageClasspath,nativeImageTestClasspath,runtimeClasspath,testAnnotationProcessor,testCompileClasspath,testRuntimeClasspath
org.jspecify:jspecify:1.0.0=checkstyle
org.junit.jupiter:junit-jupiter-api:5.10.2=nativeImageTestClasspath,testCompileClasspath,testRuntimeClasspath
org.junit.jupiter:junit-jupiter-engine:5.10.2=nativeImageTestClasspath,testRuntimeClasspath
org.junit.jupiter:junit-jupiter-params:5.10.2=nativeImageTestClasspath,testRuntimeClasspath
org.junit.jupiter:junit-jupiter:5.10.2=nativeImageTestClasspath,testRuntimeClasspath
org.junit.platform:junit-platform-commons:1.10.2=nativeImageTestClasspath,testCompileClasspath,testRuntimeClasspath
org.junit.platform:junit-platform-console:1.10.2=nativeImageTestClasspath,testRuntimeClasspath
org.junit.platform:junit-platform-engine:1.10.2=nativeImageTestClasspath,testRuntimeClasspath
org.junit.platform:junit-platform-launcher:1.10.2=nativeImageTestClasspath,testRuntimeClasspath
org.junit.platform:junit-platform-reporting:1.10.2=nativeImageTestClasspath,testRuntimeClasspath
org.junit:junit-bom:5.10.2=annotationProcessor,compileClasspath,developmentOnly,developmentRuntimeClasspath,nativeImageClasspath,nativeImageTestClasspath,runtimeClasspath,testAnnotationProcessor,testCompileClasspath,testRuntimeClasspath
org.opentest4j:opentest4j:1.3.0=nativeImageTestClasspath,testCompileClasspath,testRuntimeClasspath
org.ow2.asm:asm-commons:9.6=annotationProcessor,testAnnotationProcessor
org.ow2.asm:asm-tree:9.6=annotationProcessor,testAnnotationProcessor
org.ow2.asm:asm:9.6=annotationProcessor,testAnnotationProcessor
org.ow2.asm:asm:9.8=pmd
org.pcollections:pcollections:4.0.2=pmd
org.reactivestreams:reactive-streams:1.0.4=annotationProcessor,compileClasspath,developmentRuntimeClasspath,nativeImageClasspath,nativeImageTestClasspath,runtimeClasspath,testAnnotationProcessor,testCompileClasspath,testRuntimeClasspath
org.reflections:reflections:0.10.2=checkstyle
org.slf4j:jul-to-slf4j:1.7.36=pmd
org.slf4j:slf4j-api:2.0.12=annotationProcessor,compileClasspath,developmentOnly,developmentRuntimeClasspath,nativeImageClasspath,nativeImageTestClasspath,runtimeClasspath,testAnnotationProcessor,testCompileClasspath,testRuntimeClasspath
org.spockframework:spock-bom:2.3-groovy-4.0=annotationProcessor,compileClasspath,developmentOnly,developmentRuntimeClasspath,nativeImageClasspath,nativeImageTestClasspath,runtimeClasspath,testAnnotationProcessor,testCompileClasspath,testRuntimeClasspath
org.springframework:spring-framework-bom:6.1.3=annotationProcessor,compileClasspath,developmentOnly,developmentRuntimeClasspath,nativeImageClasspath,nativeImageTestClasspath,runtimeClasspath,testAnnotationProcessor,testCompileClasspath,testRuntimeClasspath
org.testcontainers:testcontainers-bom:1.19.4=annotationProcessor,compileClasspath,developmentOnly,developmentRuntimeClasspath,nativeImageClasspath,nativeImageTestClasspath,runtimeClasspath,testAnnotationProcessor,testCompileClasspath,testRuntimeClasspath
org.xmlresolver:xmlresolver:5.2.2=pmd
org.xmlresolver:xmlresolver:5.3.3=checkstyle
software.amazon.awssdk:bom:2.23.17=annotationProcessor,compileClasspath,developmentOnly,developmentRuntimeClasspath,nativeImageClasspath,nativeImageTestClasspath,runtimeClasspath,testAnnotationProcessor,testCompileClasspath,testRuntimeClasspath
empty=
